// !$*UTF8*$!
{
	archiveVersion = 1;
	classes = {
	};
	objectVersion = 56;
	objects = {

/* Begin PBXBuildFile section */
		27B1AB8F2BFE682C00A63487 /* AppDelegate.swift in Sources */ = {isa = PBXBuildFile; fileRef = 27B1AB8E2BFE682C00A63487 /* AppDelegate.swift */; };
		27B1AB912BFE682C00A63487 /* SceneDelegate.swift in Sources */ = {isa = PBXBuildFile; fileRef = 27B1AB902BFE682C00A63487 /* SceneDelegate.swift */; };
		27B1AB932BFE682C00A63487 /* ViewController.swift in Sources */ = {isa = PBXBuildFile; fileRef = 27B1AB922BFE682C00A63487 /* ViewController.swift */; };
		27B1AB962BFE682C00A63487 /* Main.storyboard in Resources */ = {isa = PBXBuildFile; fileRef = 27B1AB942BFE682C00A63487 /* Main.storyboard */; };
		27B1AB982BFE682D00A63487 /* Assets.xcassets in Resources */ = {isa = PBXBuildFile; fileRef = 27B1AB972BFE682D00A63487 /* Assets.xcassets */; };
		27B1AB9B2BFE682D00A63487 /* LaunchScreen.storyboard in Resources */ = {isa = PBXBuildFile; fileRef = 27B1AB992BFE682D00A63487 /* LaunchScreen.storyboard */; };
		27B1ABA62BFE682D00A63487 /* MovieTrendAppTests.swift in Sources */ = {isa = PBXBuildFile; fileRef = 27B1ABA52BFE682D00A63487 /* MovieTrendAppTests.swift */; };
		27B1ABB02BFE682D00A63487 /* MovieTrendAppUITests.swift in Sources */ = {isa = PBXBuildFile; fileRef = 27B1ABAF2BFE682D00A63487 /* MovieTrendAppUITests.swift */; };
		27B1ABB22BFE682D00A63487 /* MovieTrendAppUITestsLaunchTests.swift in Sources */ = {isa = PBXBuildFile; fileRef = 27B1ABB12BFE682D00A63487 /* MovieTrendAppUITestsLaunchTests.swift */; };
/* End PBXBuildFile section */

/* Begin PBXContainerItemProxy section */
		27B1ABA22BFE682D00A63487 /* PBXContainerItemProxy */ = {
			isa = PBXContainerItemProxy;
			containerPortal = 27B1AB832BFE682C00A63487 /* Project object */;
			proxyType = 1;
			remoteGlobalIDString = 27B1AB8A2BFE682C00A63487;
			remoteInfo = MovieTrendApp;
		};
		27B1ABAC2BFE682D00A63487 /* PBXContainerItemProxy */ = {
			isa = PBXContainerItemProxy;
			containerPortal = 27B1AB832BFE682C00A63487 /* Project object */;
			proxyType = 1;
			remoteGlobalIDString = 27B1AB8A2BFE682C00A63487;
			remoteInfo = MovieTrendApp;
		};
/* End PBXContainerItemProxy section */

/* Begin PBXFileReference section */
		27B1AB8B2BFE682C00A63487 /* MovieTrendApp.app */ = {isa = PBXFileReference; explicitFileType = wrapper.application; includeInIndex = 0; path = MovieTrendApp.app; sourceTree = BUILT_PRODUCTS_DIR; };
		27B1AB8E2BFE682C00A63487 /* AppDelegate.swift */ = {isa = PBXFileReference; lastKnownFileType = sourcecode.swift; path = AppDelegate.swift; sourceTree = "<group>"; };
		27B1AB902BFE682C00A63487 /* SceneDelegate.swift */ = {isa = PBXFileReference; lastKnownFileType = sourcecode.swift; path = SceneDelegate.swift; sourceTree = "<group>"; };
		27B1AB922BFE682C00A63487 /* ViewController.swift */ = {isa = PBXFileReference; lastKnownFileType = sourcecode.swift; path = ViewController.swift; sourceTree = "<group>"; };
		27B1AB952BFE682C00A63487 /* Base */ = {isa = PBXFileReference; lastKnownFileType = file.storyboard; name = Base; path = Base.lproj/Main.storyboard; sourceTree = "<group>"; };
		27B1AB972BFE682D00A63487 /* Assets.xcassets */ = {isa = PBXFileReference; lastKnownFileType = folder.assetcatalog; path = Assets.xcassets; sourceTree = "<group>"; };
		27B1AB9A2BFE682D00A63487 /* Base */ = {isa = PBXFileReference; lastKnownFileType = file.storyboard; name = Base; path = Base.lproj/LaunchScreen.storyboard; sourceTree = "<group>"; };
		27B1AB9C2BFE682D00A63487 /* Info.plist */ = {isa = PBXFileReference; lastKnownFileType = text.plist.xml; path = Info.plist; sourceTree = "<group>"; };
		27B1ABA12BFE682D00A63487 /* MovieTrendAppTests.xctest */ = {isa = PBXFileReference; explicitFileType = wrapper.cfbundle; includeInIndex = 0; path = MovieTrendAppTests.xctest; sourceTree = BUILT_PRODUCTS_DIR; };
		27B1ABA52BFE682D00A63487 /* MovieTrendAppTests.swift */ = {isa = PBXFileReference; lastKnownFileType = sourcecode.swift; path = MovieTrendAppTests.swift; sourceTree = "<group>"; };
		27B1ABAB2BFE682D00A63487 /* MovieTrendAppUITests.xctest */ = {isa = PBXFileReference; explicitFileType = wrapper.cfbundle; includeInIndex = 0; path = MovieTrendAppUITests.xctest; sourceTree = BUILT_PRODUCTS_DIR; };
		27B1ABAF2BFE682D00A63487 /* MovieTrendAppUITests.swift */ = {isa = PBXFileReference; lastKnownFileType = sourcecode.swift; path = MovieTrendAppUITests.swift; sourceTree = "<group>"; };
		27B1ABB12BFE682D00A63487 /* MovieTrendAppUITestsLaunchTests.swift */ = {isa = PBXFileReference; lastKnownFileType = sourcecode.swift; path = MovieTrendAppUITestsLaunchTests.swift; sourceTree = "<group>"; };
/* End PBXFileReference section */

/* Begin PBXFrameworksBuildPhase section */
		27B1AB882BFE682C00A63487 /* Frameworks */ = {
			isa = PBXFrameworksBuildPhase;
			buildActionMask = 2147483647;
			files = (
			);
			runOnlyForDeploymentPostprocessing = 0;
		};
		27B1AB9E2BFE682D00A63487 /* Frameworks */ = {
			isa = PBXFrameworksBuildPhase;
			buildActionMask = 2147483647;
			files = (
			);
			runOnlyForDeploymentPostprocessing = 0;
		};
		27B1ABA82BFE682D00A63487 /* Frameworks */ = {
			isa = PBXFrameworksBuildPhase;
			buildActionMask = 2147483647;
			files = (
			);
			runOnlyForDeploymentPostprocessing = 0;
		};
/* End PBXFrameworksBuildPhase section */

/* Begin PBXGroup section */
		27B1AB822BFE682C00A63487 = {
			isa = PBXGroup;
			children = (
				27B1AB8D2BFE682C00A63487 /* MovieTrendApp */,
				27B1ABA42BFE682D00A63487 /* MovieTrendAppTests */,
				27B1ABAE2BFE682D00A63487 /* MovieTrendAppUITests */,
				27B1AB8C2BFE682C00A63487 /* Products */,
			);
			sourceTree = "<group>";
		};
		27B1AB8C2BFE682C00A63487 /* Products */ = {
			isa = PBXGroup;
			children = (
				27B1AB8B2BFE682C00A63487 /* MovieTrendApp.app */,
				27B1ABA12BFE682D00A63487 /* MovieTrendAppTests.xctest */,
				27B1ABAB2BFE682D00A63487 /* MovieTrendAppUITests.xctest */,
			);
			name = Products;
			sourceTree = "<group>";
		};
		27B1AB8D2BFE682C00A63487 /* MovieTrendApp */ = {
			isa = PBXGroup;
			children = (
				27B1AB8E2BFE682C00A63487 /* AppDelegate.swift */,
				27B1AB902BFE682C00A63487 /* SceneDelegate.swift */,
				27B1AB922BFE682C00A63487 /* ViewController.swift */,
				27B1AB942BFE682C00A63487 /* Main.storyboard */,
				27B1AB972BFE682D00A63487 /* Assets.xcassets */,
				27B1AB992BFE682D00A63487 /* LaunchScreen.storyboard */,
				27B1AB9C2BFE682D00A63487 /* Info.plist */,
			);
			path = MovieTrendApp;
			sourceTree = "<group>";
		};
		27B1ABA42BFE682D00A63487 /* MovieTrendAppTests */ = {
			isa = PBXGroup;
			children = (
				27B1ABA52BFE682D00A63487 /* MovieTrendAppTests.swift */,
			);
			path = MovieTrendAppTests;
			sourceTree = "<group>";
		};
		27B1ABAE2BFE682D00A63487 /* MovieTrendAppUITests */ = {
			isa = PBXGroup;
			children = (
				27B1ABAF2BFE682D00A63487 /* MovieTrendAppUITests.swift */,
				27B1ABB12BFE682D00A63487 /* MovieTrendAppUITestsLaunchTests.swift */,
			);
			path = MovieTrendAppUITests;
			sourceTree = "<group>";
		};
/* End PBXGroup section */

/* Begin PBXNativeTarget section */
		27B1AB8A2BFE682C00A63487 /* MovieTrendApp */ = {
			isa = PBXNativeTarget;
			buildConfigurationList = 27B1ABB52BFE682D00A63487 /* Build configuration list for PBXNativeTarget "MovieTrendApp" */;
			buildPhases = (
				27B1AB872BFE682C00A63487 /* Sources */,
				27B1AB882BFE682C00A63487 /* Frameworks */,
				27B1AB892BFE682C00A63487 /* Resources */,
			);
			buildRules = (
			);
			dependencies = (
			);
			name = MovieTrendApp;
			productName = MovieTrendApp;
			productReference = 27B1AB8B2BFE682C00A63487 /* MovieTrendApp.app */;
			productType = "com.apple.product-type.application";
		};
		27B1ABA02BFE682D00A63487 /* MovieTrendAppTests */ = {
			isa = PBXNativeTarget;
			buildConfigurationList = 27B1ABB82BFE682D00A63487 /* Build configuration list for PBXNativeTarget "MovieTrendAppTests" */;
			buildPhases = (
				27B1AB9D2BFE682D00A63487 /* Sources */,
				27B1AB9E2BFE682D00A63487 /* Frameworks */,
				27B1AB9F2BFE682D00A63487 /* Resources */,
			);
			buildRules = (
			);
			dependencies = (
				27B1ABA32BFE682D00A63487 /* PBXTargetDependency */,
			);
			name = MovieTrendAppTests;
			productName = MovieTrendAppTests;
			productReference = 27B1ABA12BFE682D00A63487 /* MovieTrendAppTests.xctest */;
			productType = "com.apple.product-type.bundle.unit-test";
		};
		27B1ABAA2BFE682D00A63487 /* MovieTrendAppUITests */ = {
			isa = PBXNativeTarget;
			buildConfigurationList = 27B1ABBB2BFE682D00A63487 /* Build configuration list for PBXNativeTarget "MovieTrendAppUITests" */;
			buildPhases = (
				27B1ABA72BFE682D00A63487 /* Sources */,
				27B1ABA82BFE682D00A63487 /* Frameworks */,
				27B1ABA92BFE682D00A63487 /* Resources */,
			);
			buildRules = (
			);
			dependencies = (
				27B1ABAD2BFE682D00A63487 /* PBXTargetDependency */,
			);
			name = MovieTrendAppUITests;
			productName = MovieTrendAppUITests;
			productReference = 27B1ABAB2BFE682D00A63487 /* MovieTrendAppUITests.xctest */;
			productType = "com.apple.product-type.bundle.ui-testing";
		};
/* End PBXNativeTarget section */

/* Begin PBXProject section */
		27B1AB832BFE682C00A63487 /* Project object */ = {
			isa = PBXProject;
			attributes = {
				BuildIndependentTargetsInParallel = 1;
				LastSwiftUpdateCheck = 1520;
				LastUpgradeCheck = 1520;
				TargetAttributes = {
					27B1AB8A2BFE682C00A63487 = {
						CreatedOnToolsVersion = 15.2;
					};
					27B1ABA02BFE682D00A63487 = {
						CreatedOnToolsVersion = 15.2;
						TestTargetID = 27B1AB8A2BFE682C00A63487;
					};
					27B1ABAA2BFE682D00A63487 = {
						CreatedOnToolsVersion = 15.2;
						TestTargetID = 27B1AB8A2BFE682C00A63487;
					};
				};
			};
			buildConfigurationList = 27B1AB862BFE682C00A63487 /* Build configuration list for PBXProject "MovieTrendApp" */;
			compatibilityVersion = "Xcode 14.0";
			developmentRegion = en;
			hasScannedForEncodings = 0;
			knownRegions = (
				en,
				Base,
			);
			mainGroup = 27B1AB822BFE682C00A63487;
			productRefGroup = 27B1AB8C2BFE682C00A63487 /* Products */;
			projectDirPath = "";
			projectRoot = "";
			targets = (
				27B1AB8A2BFE682C00A63487 /* MovieTrendApp */,
				27B1ABA02BFE682D00A63487 /* MovieTrendAppTests */,
				27B1ABAA2BFE682D00A63487 /* MovieTrendAppUITests */,
			);
		};
/* End PBXProject section */

/* Begin PBXResourcesBuildPhase section */
		27B1AB892BFE682C00A63487 /* Resources */ = {
			isa = PBXResourcesBuildPhase;
			buildActionMask = 2147483647;
			files = (
				27B1AB9B2BFE682D00A63487 /* LaunchScreen.storyboard in Resources */,
				27B1AB982BFE682D00A63487 /* Assets.xcassets in Resources */,
				27B1AB962BFE682C00A63487 /* Main.storyboard in Resources */,
			);
			runOnlyForDeploymentPostprocessing = 0;
		};
		27B1AB9F2BFE682D00A63487 /* Resources */ = {
			isa = PBXResourcesBuildPhase;
			buildActionMask = 2147483647;
			files = (
			);
			runOnlyForDeploymentPostprocessing = 0;
		};
		27B1ABA92BFE682D00A63487 /* Resources */ = {
			isa = PBXResourcesBuildPhase;
			buildActionMask = 2147483647;
			files = (
			);
			runOnlyForDeploymentPostprocessing = 0;
		};
/* End PBXResourcesBuildPhase section */

/* Begin PBXSourcesBuildPhase section */
		27B1AB872BFE682C00A63487 /* Sources */ = {
			isa = PBXSourcesBuildPhase;
			buildActionMask = 2147483647;
			files = (
				27B1AB932BFE682C00A63487 /* ViewController.swift in Sources */,
				27B1AB8F2BFE682C00A63487 /* AppDelegate.swift in Sources */,
				27B1AB912BFE682C00A63487 /* SceneDelegate.swift in Sources */,
			);
			runOnlyForDeploymentPostprocessing = 0;
		};
		27B1AB9D2BFE682D00A63487 /* Sources */ = {
			isa = PBXSourcesBuildPhase;
			buildActionMask = 2147483647;
			files = (
				27B1ABA62BFE682D00A63487 /* MovieTrendAppTests.swift in Sources */,
			);
			runOnlyForDeploymentPostprocessing = 0;
		};
		27B1ABA72BFE682D00A63487 /* Sources */ = {
			isa = PBXSourcesBuildPhase;
			buildActionMask = 2147483647;
			files = (
				27B1ABB02BFE682D00A63487 /* MovieTrendAppUITests.swift in Sources */,
				27B1ABB22BFE682D00A63487 /* MovieTrendAppUITestsLaunchTests.swift in Sources */,
			);
			runOnlyForDeploymentPostprocessing = 0;
		};
/* End PBXSourcesBuildPhase section */

/* Begin PBXTargetDependency section */
		27B1ABA32BFE682D00A63487 /* PBXTargetDependency */ = {
			isa = PBXTargetDependency;
			target = 27B1AB8A2BFE682C00A63487 /* MovieTrendApp */;
			targetProxy = 27B1ABA22BFE682D00A63487 /* PBXContainerItemProxy */;
		};
		27B1ABAD2BFE682D00A63487 /* PBXTargetDependency */ = {
			isa = PBXTargetDependency;
			target = 27B1AB8A2BFE682C00A63487 /* MovieTrendApp */;
			targetProxy = 27B1ABAC2BFE682D00A63487 /* PBXContainerItemProxy */;
		};
/* End PBXTargetDependency section */

/* Begin PBXVariantGroup section */
		27B1AB942BFE682C00A63487 /* Main.storyboard */ = {
			isa = PBXVariantGroup;
			children = (
				27B1AB952BFE682C00A63487 /* Base */,
			);
			name = Main.storyboard;
			sourceTree = "<group>";
		};
		27B1AB992BFE682D00A63487 /* LaunchScreen.storyboard */ = {
			isa = PBXVariantGroup;
			children = (
				27B1AB9A2BFE682D00A63487 /* Base */,
			);
			name = LaunchScreen.storyboard;
			sourceTree = "<group>";
		};
/* End PBXVariantGroup section */

/* Begin XCBuildConfiguration section */
		27B1ABB32BFE682D00A63487 /* Debug */ = {
			isa = XCBuildConfiguration;
			buildSettings = {
				ALWAYS_SEARCH_USER_PATHS = NO;
				ASSETCATALOG_COMPILER_GENERATE_SWIFT_ASSET_SYMBOL_EXTENSIONS = YES;
				CLANG_ANALYZER_NONNULL = YES;
				CLANG_ANALYZER_NUMBER_OBJECT_CONVERSION = YES_AGGRESSIVE;
				CLANG_CXX_LANGUAGE_STANDARD = "gnu++20";
				CLANG_ENABLE_MODULES = YES;
				CLANG_ENABLE_OBJC_ARC = YES;
				CLANG_ENABLE_OBJC_WEAK = YES;
				CLANG_WARN_BLOCK_CAPTURE_AUTORELEASING = YES;
				CLANG_WARN_BOOL_CONVERSION = YES;
				CLANG_WARN_COMMA = YES;
				CLANG_WARN_CONSTANT_CONVERSION = YES;
				CLANG_WARN_DEPRECATED_OBJC_IMPLEMENTATIONS = YES;
				CLANG_WARN_DIRECT_OBJC_ISA_USAGE = YES_ERROR;
				CLANG_WARN_DOCUMENTATION_COMMENTS = YES;
				CLANG_WARN_EMPTY_BODY = YES;
				CLANG_WARN_ENUM_CONVERSION = YES;
				CLANG_WARN_INFINITE_RECURSION = YES;
				CLANG_WARN_INT_CONVERSION = YES;
				CLANG_WARN_NON_LITERAL_NULL_CONVERSION = YES;
				CLANG_WARN_OBJC_IMPLICIT_RETAIN_SELF = YES;
				CLANG_WARN_OBJC_LITERAL_CONVERSION = YES;
				CLANG_WARN_OBJC_ROOT_CLASS = YES_ERROR;
				CLANG_WARN_QUOTED_INCLUDE_IN_FRAMEWORK_HEADER = YES;
				CLANG_WARN_RANGE_LOOP_ANALYSIS = YES;
				CLANG_WARN_STRICT_PROTOTYPES = YES;
				CLANG_WARN_SUSPICIOUS_MOVE = YES;
				CLANG_WARN_UNGUARDED_AVAILABILITY = YES_AGGRESSIVE;
				CLANG_WARN_UNREACHABLE_CODE = YES;
				CLANG_WARN__DUPLICATE_METHOD_MATCH = YES;
				COPY_PHASE_STRIP = NO;
				DEBUG_INFORMATION_FORMAT = dwarf;
				ENABLE_STRICT_OBJC_MSGSEND = YES;
				ENABLE_TESTABILITY = YES;
				ENABLE_USER_SCRIPT_SANDBOXING = YES;
				GCC_C_LANGUAGE_STANDARD = gnu17;
				GCC_DYNAMIC_NO_PIC = NO;
				GCC_NO_COMMON_BLOCKS = YES;
				GCC_OPTIMIZATION_LEVEL = 0;
				GCC_PREPROCESSOR_DEFINITIONS = (
					"DEBUG=1",
					"$(inherited)",
				);
				GCC_WARN_64_TO_32_BIT_CONVERSION = YES;
				GCC_WARN_ABOUT_RETURN_TYPE = YES_ERROR;
				GCC_WARN_UNDECLARED_SELECTOR = YES;
				GCC_WARN_UNINITIALIZED_AUTOS = YES_AGGRESSIVE;
				GCC_WARN_UNUSED_FUNCTION = YES;
				GCC_WARN_UNUSED_VARIABLE = YES;
				IPHONEOS_DEPLOYMENT_TARGET = 17.2;
				LOCALIZATION_PREFERS_STRING_CATALOGS = YES;
				MTL_ENABLE_DEBUG_INFO = INCLUDE_SOURCE;
				MTL_FAST_MATH = YES;
				ONLY_ACTIVE_ARCH = YES;
				SDKROOT = iphoneos;
				SWIFT_ACTIVE_COMPILATION_CONDITIONS = "DEBUG $(inherited)";
				SWIFT_OPTIMIZATION_LEVEL = "-Onone";
			};
			name = Debug;
		};
		27B1ABB42BFE682D00A63487 /* Release */ = {
			isa = XCBuildConfiguration;
			buildSettings = {
				ALWAYS_SEARCH_USER_PATHS = NO;
				ASSETCATALOG_COMPILER_GENERATE_SWIFT_ASSET_SYMBOL_EXTENSIONS = YES;
				CLANG_ANALYZER_NONNULL = YES;
				CLANG_ANALYZER_NUMBER_OBJECT_CONVERSION = YES_AGGRESSIVE;
				CLANG_CXX_LANGUAGE_STANDARD = "gnu++20";
				CLANG_ENABLE_MODULES = YES;
				CLANG_ENABLE_OBJC_ARC = YES;
				CLANG_ENABLE_OBJC_WEAK = YES;
				CLANG_WARN_BLOCK_CAPTURE_AUTORELEASING = YES;
				CLANG_WARN_BOOL_CONVERSION = YES;
				CLANG_WARN_COMMA = YES;
				CLANG_WARN_CONSTANT_CONVERSION = YES;
				CLANG_WARN_DEPRECATED_OBJC_IMPLEMENTATIONS = YES;
				CLANG_WARN_DIRECT_OBJC_ISA_USAGE = YES_ERROR;
				CLANG_WARN_DOCUMENTATION_COMMENTS = YES;
				CLANG_WARN_EMPTY_BODY = YES;
				CLANG_WARN_ENUM_CONVERSION = YES;
				CLANG_WARN_INFINITE_RECURSION = YES;
				CLANG_WARN_INT_CONVERSION = YES;
				CLANG_WARN_NON_LITERAL_NULL_CONVERSION = YES;
				CLANG_WARN_OBJC_IMPLICIT_RETAIN_SELF = YES;
				CLANG_WARN_OBJC_LITERAL_CONVERSION = YES;
				CLANG_WARN_OBJC_ROOT_CLASS = YES_ERROR;
				CLANG_WARN_QUOTED_INCLUDE_IN_FRAMEWORK_HEADER = YES;
				CLANG_WARN_RANGE_LOOP_ANALYSIS = YES;
				CLANG_WARN_STRICT_PROTOTYPES = YES;
				CLANG_WARN_SUSPICIOUS_MOVE = YES;
				CLANG_WARN_UNGUARDED_AVAILABILITY = YES_AGGRESSIVE;
				CLANG_WARN_UNREACHABLE_CODE = YES;
				CLANG_WARN__DUPLICATE_METHOD_MATCH = YES;
				COPY_PHASE_STRIP = NO;
				DEBUG_INFORMATION_FORMAT = "dwarf-with-dsym";
				ENABLE_NS_ASSERTIONS = NO;
				ENABLE_STRICT_OBJC_MSGSEND = YES;
				ENABLE_USER_SCRIPT_SANDBOXING = YES;
				GCC_C_LANGUAGE_STANDARD = gnu17;
				GCC_NO_COMMON_BLOCKS = YES;
				GCC_WARN_64_TO_32_BIT_CONVERSION = YES;
				GCC_WARN_ABOUT_RETURN_TYPE = YES_ERROR;
				GCC_WARN_UNDECLARED_SELECTOR = YES;
				GCC_WARN_UNINITIALIZED_AUTOS = YES_AGGRESSIVE;
				GCC_WARN_UNUSED_FUNCTION = YES;
				GCC_WARN_UNUSED_VARIABLE = YES;
				IPHONEOS_DEPLOYMENT_TARGET = 17.2;
				LOCALIZATION_PREFERS_STRING_CATALOGS = YES;
				MTL_ENABLE_DEBUG_INFO = NO;
				MTL_FAST_MATH = YES;
				SDKROOT = iphoneos;
				SWIFT_COMPILATION_MODE = wholemodule;
				VALIDATE_PRODUCT = YES;
			};
			name = Release;
		};
		27B1ABB62BFE682D00A63487 /* Debug */ = {
			isa = XCBuildConfiguration;
			buildSettings = {
				ASSETCATALOG_COMPILER_APPICON_NAME = AppIcon;
				ASSETCATALOG_COMPILER_GLOBAL_ACCENT_COLOR_NAME = AccentColor;
				CODE_SIGN_STYLE = Automatic;
				CURRENT_PROJECT_VERSION = 1;
				DEVELOPMENT_TEAM = MBMB6B6ZAQ;
				GENERATE_INFOPLIST_FILE = YES;
				INFOPLIST_FILE = MovieTrendApp/Info.plist;
				INFOPLIST_KEY_UIApplicationSupportsIndirectInputEvents = YES;
				INFOPLIST_KEY_UILaunchStoryboardName = LaunchScreen;
				INFOPLIST_KEY_UIMainStoryboardFile = Main;
				INFOPLIST_KEY_UISupportedInterfaceOrientations_iPad = "UIInterfaceOrientationPortrait UIInterfaceOrientationPortraitUpsideDown UIInterfaceOrientationLandscapeLeft UIInterfaceOrientationLandscapeRight";
				INFOPLIST_KEY_UISupportedInterfaceOrientations_iPhone = "UIInterfaceOrientationPortrait UIInterfaceOrientationLandscapeLeft UIInterfaceOrientationLandscapeRight";
				LD_RUNPATH_SEARCH_PATHS = (
					"$(inherited)",
					"@executable_path/Frameworks",
				);
				MARKETING_VERSION = 1.0;
				PRODUCT_BUNDLE_IDENTIFIER = com.az.MovieTrendApp;
				PRODUCT_NAME = "$(TARGET_NAME)";
				SWIFT_EMIT_LOC_STRINGS = YES;
				SWIFT_VERSION = 5.0;
				TARGETED_DEVICE_FAMILY = "1,2";
			};
			name = Debug;
		};
		27B1ABB72BFE682D00A63487 /* Release */ = {
			isa = XCBuildConfiguration;
			buildSettings = {
				ASSETCATALOG_COMPILER_APPICON_NAME = AppIcon;
				ASSETCATALOG_COMPILER_GLOBAL_ACCENT_COLOR_NAME = AccentColor;
				CODE_SIGN_STYLE = Automatic;
				CURRENT_PROJECT_VERSION = 1;
				DEVELOPMENT_TEAM = MBMB6B6ZAQ;
				GENERATE_INFOPLIST_FILE = YES;
				INFOPLIST_FILE = MovieTrendApp/Info.plist;
				INFOPLIST_KEY_UIApplicationSupportsIndirectInputEvents = YES;
				INFOPLIST_KEY_UILaunchStoryboardName = LaunchScreen;
				INFOPLIST_KEY_UIMainStoryboardFile = Main;
				INFOPLIST_KEY_UISupportedInterfaceOrientations_iPad = "UIInterfaceOrientationPortrait UIInterfaceOrientationPortraitUpsideDown UIInterfaceOrientationLandscapeLeft UIInterfaceOrientationLandscapeRight";
				INFOPLIST_KEY_UISupportedInterfaceOrientations_iPhone = "UIInterfaceOrientationPortrait UIInterfaceOrientationLandscapeLeft UIInterfaceOrientationLandscapeRight";
				LD_RUNPATH_SEARCH_PATHS = (
					"$(inherited)",
					"@executable_path/Frameworks",
				);
				MARKETING_VERSION = 1.0;
				PRODUCT_BUNDLE_IDENTIFIER = com.az.MovieTrendApp;
				PRODUCT_NAME = "$(TARGET_NAME)";
				SWIFT_EMIT_LOC_STRINGS = YES;
				SWIFT_VERSION = 5.0;
				TARGETED_DEVICE_FAMILY = "1,2";
			};
			name = Release;
		};
		27B1ABB92BFE682D00A63487 /* Debug */ = {
			isa = XCBuildConfiguration;
			buildSettings = {
				ALWAYS_EMBED_SWIFT_STANDARD_LIBRARIES = YES;
				BUNDLE_LOADER = "$(TEST_HOST)";
				CODE_SIGN_STYLE = Automatic;
				CURRENT_PROJECT_VERSION = 1;
				DEVELOPMENT_TEAM = MBMB6B6ZAQ;
				GENERATE_INFOPLIST_FILE = YES;
				IPHONEOS_DEPLOYMENT_TARGET = 17.2;
				MARKETING_VERSION = 1.0;
				PRODUCT_BUNDLE_IDENTIFIER = com.az.MovieTrendAppTests;
				PRODUCT_NAME = "$(TARGET_NAME)";
				SWIFT_EMIT_LOC_STRINGS = NO;
				SWIFT_VERSION = 5.0;
				TARGETED_DEVICE_FAMILY = "1,2";
				TEST_HOST = "$(BUILT_PRODUCTS_DIR)/MovieTrendApp.app/$(BUNDLE_EXECUTABLE_FOLDER_PATH)/MovieTrendApp";
			};
			name = Debug;
		};
		27B1ABBA2BFE682D00A63487 /* Release */ = {
			isa = XCBuildConfiguration;
			buildSettings = {
				ALWAYS_EMBED_SWIFT_STANDARD_LIBRARIES = YES;
				BUNDLE_LOADER = "$(TEST_HOST)";
				CODE_SIGN_STYLE = Automatic;
				CURRENT_PROJECT_VERSION = 1;
				DEVELOPMENT_TEAM = MBMB6B6ZAQ;
				GENERATE_INFOPLIST_FILE = YES;
				IPHONEOS_DEPLOYMENT_TARGET = 17.2;
				MARKETING_VERSION = 1.0;
				PRODUCT_BUNDLE_IDENTIFIER = com.az.MovieTrendAppTests;
				PRODUCT_NAME = "$(TARGET_NAME)";
				SWIFT_EMIT_LOC_STRINGS = NO;
				SWIFT_VERSION = 5.0;
				TARGETED_DEVICE_FAMILY = "1,2";
				TEST_HOST = "$(BUILT_PRODUCTS_DIR)/MovieTrendApp.app/$(BUNDLE_EXECUTABLE_FOLDER_PATH)/MovieTrendApp";
			};
			name = Release;
		};
		27B1ABBC2BFE682D00A63487 /* Debug */ = {
			isa = XCBuildConfiguration;
			buildSettings = {
				ALWAYS_EMBED_SWIFT_STANDARD_LIBRARIES = YES;
				CODE_SIGN_STYLE = Automatic;
				CURRENT_PROJECT_VERSION = 1;
				DEVELOPMENT_TEAM = MBMB6B6ZAQ;
				GENERATE_INFOPLIST_FILE = YES;
				MARKETING_VERSION = 1.0;
				PRODUCT_BUNDLE_IDENTIFIER = com.az.MovieTrendAppUITests;
				PRODUCT_NAME = "$(TARGET_NAME)";
				SWIFT_EMIT_LOC_STRINGS = NO;
				SWIFT_VERSION = 5.0;
				TARGETED_DEVICE_FAMILY = "1,2";
				TEST_TARGET_NAME = MovieTrendApp;
			};
			name = Debug;
		};
		27B1ABBD2BFE682D00A63487 /* Release */ = {
			isa = XCBuildConfiguration;
			buildSettings = {
				ALWAYS_EMBED_SWIFT_STANDARD_LIBRARIES = YES;
				CODE_SIGN_STYLE = Automatic;
				CURRENT_PROJECT_VERSION = 1;
				DEVELOPMENT_TEAM = MBMB6B6ZAQ;
				GENERATE_INFOPLIST_FILE = YES;
				MARKETING_VERSION = 1.0;
				PRODUCT_BUNDLE_IDENTIFIER = com.az.MovieTrendAppUITests;
				PRODUCT_NAME = "$(TARGET_NAME)";
				SWIFT_EMIT_LOC_STRINGS = NO;
				SWIFT_VERSION = 5.0;
				TARGETED_DEVICE_FAMILY = "1,2";
				TEST_TARGET_NAME = MovieTrendApp;
			};
			name = Release;
		};
/* End XCBuildConfiguration section */

/* Begin XCConfigurationList section */
		27B1AB862BFE682C00A63487 /* Build configuration list for PBXProject "MovieTrendApp" */ = {
			isa = XCConfigurationList;
			buildConfigurations = (
				27B1ABB32BFE682D00A63487 /* Debug */,
				27B1ABB42BFE682D00A63487 /* Release */,
			);
			defaultConfigurationIsVisible = 0;
			defaultConfigurationName = Release;
		};
		27B1ABB52BFE682D00A63487 /* Build configuration list for PBXNativeTarget "MovieTrendApp" */ = {
			isa = XCConfigurationList;
			buildConfigurations = (
				27B1ABB62BFE682D00A63487 /* Debug */,
				27B1ABB72BFE682D00A63487 /* Release */,
			);
			defaultConfigurationIsVisible = 0;
			defaultConfigurationName = Release;
		};
		27B1ABB82BFE682D00A63487 /* Build configuration list for PBXNativeTarget "MovieTrendAppTests" */ = {
			isa = XCConfigurationList;
			buildConfigurations = (
				27B1ABB92BFE682D00A63487 /* Debug */,
				27B1ABBA2BFE682D00A63487 /* Release */,
			);
			defaultConfigurationIsVisible = 0;
			defaultConfigurationName = Release;
		};
		27B1ABBB2BFE682D00A63487 /* Build configuration list for PBXNativeTarget "MovieTrendAppUITests" */ = {
			isa = XCConfigurationList;
			buildConfigurations = (
				27B1ABBC2BFE682D00A63487 /* Debug */,
				27B1ABBD2BFE682D00A63487 /* Release */,
			);
			defaultConfigurationIsVisible = 0;
			defaultConfigurationName = Release;
		};
/* End XCConfigurationList section */
	};
	rootObject = 27B1AB832BFE682C00A63487 /* Project object */;
}
