// !$*UTF8*$!
{
	archiveVersion = 1;
	classes = {
	};
	objectVersion = 56;
	objects = {

/* Begin PBXBuildFile section */
		277913042C06359100AAB394 /* MainMovieCell.swift in Sources */ = {isa = PBXBuildFile; fileRef = 277913022C06359100AAB394 /* MainMovieCell.swift */; };
		277913052C06359100AAB394 /* MainMovieCell.xib in Resources */ = {isa = PBXBuildFile; fileRef = 277913032C06359100AAB394 /* MainMovieCell.xib */; };
		277913072C063A0F00AAB394 /* UIViewExtension.swift in Sources */ = {isa = PBXBuildFile; fileRef = 277913062C063A0F00AAB394 /* UIViewExtension.swift */; };
		277913092C063B6400AAB394 /* MovieTableCellViewModel.swift in Sources */ = {isa = PBXBuildFile; fileRef = 277913082C063B6400AAB394 /* MovieTableCellViewModel.swift */; };
		2779130C2C063F1F00AAB394 /* SDWebImage in Frameworks */ = {isa = PBXBuildFile; productRef = 2779130B2C063F1F00AAB394 /* SDWebImage */; };
		277913102C067B5900AAB394 /* DetailsMovieViewController.swift in Sources */ = {isa = PBXBuildFile; fileRef = 2779130E2C067B5900AAB394 /* DetailsMovieViewController.swift */; };
		277913112C067B5900AAB394 /* DetailsMovieViewController.xib in Resources */ = {isa = PBXBuildFile; fileRef = 2779130F2C067B5900AAB394 /* DetailsMovieViewController.xib */; };
		277913152C067E4B00AAB394 /* DetailsMovieViewModel.swift in Sources */ = {isa = PBXBuildFile; fileRef = 277913142C067E4B00AAB394 /* DetailsMovieViewModel.swift */; };
		27B1AB8F2BFE682C00A63487 /* AppDelegate.swift in Sources */ = {isa = PBXBuildFile; fileRef = 27B1AB8E2BFE682C00A63487 /* AppDelegate.swift */; };
		27B1AB982BFE682D00A63487 /* Assets.xcassets in Resources */ = {isa = PBXBuildFile; fileRef = 27B1AB972BFE682D00A63487 /* Assets.xcassets */; };
		27B1AB9B2BFE682D00A63487 /* LaunchScreen.storyboard in Resources */ = {isa = PBXBuildFile; fileRef = 27B1AB992BFE682D00A63487 /* LaunchScreen.storyboard */; };
		27B1ABA62BFE682D00A63487 /* MovieTrendAppTests.swift in Sources */ = {isa = PBXBuildFile; fileRef = 27B1ABA52BFE682D00A63487 /* MovieTrendAppTests.swift */; };
		27B1ABB02BFE682D00A63487 /* MovieTrendAppUITests.swift in Sources */ = {isa = PBXBuildFile; fileRef = 27B1ABAF2BFE682D00A63487 /* MovieTrendAppUITests.swift */; };
		27B1ABB22BFE682D00A63487 /* MovieTrendAppUITestsLaunchTests.swift in Sources */ = {isa = PBXBuildFile; fileRef = 27B1ABB12BFE682D00A63487 /* MovieTrendAppUITestsLaunchTests.swift */; };
		27B1ABC12BFE6A3B00A63487 /* MainViewController.swift in Sources */ = {isa = PBXBuildFile; fileRef = 27B1ABBF2BFE6A3B00A63487 /* MainViewController.swift */; };
		27B1ABC22BFE6A3B00A63487 /* MainViewController.xib in Resources */ = {isa = PBXBuildFile; fileRef = 27B1ABC02BFE6A3B00A63487 /* MainViewController.xib */; };
		27B1ABCC2BFEAA2E00A63487 /* MainViewController+TableVIew.swift in Sources */ = {isa = PBXBuildFile; fileRef = 27B1ABCB2BFEAA2E00A63487 /* MainViewController+TableVIew.swift */; };
		27B1ABCE2BFEAC6B00A63487 /* MainViewModel.swift in Sources */ = {isa = PBXBuildFile; fileRef = 27B1ABCD2BFEAC6B00A63487 /* MainViewModel.swift */; };
		27B1ABD02BFEB5FE00A63487 /* NetworkConstant.swift in Sources */ = {isa = PBXBuildFile; fileRef = 27B1ABCF2BFEB5FE00A63487 /* NetworkConstant.swift */; };
		27B1ABD22BFEB8D100A63487 /* APICaller.swift in Sources */ = {isa = PBXBuildFile; fileRef = 27B1ABD12BFEB8D100A63487 /* APICaller.swift */; };
		27B1ABD42BFEB96100A63487 /* TrendingMoviesModel.swift in Sources */ = {isa = PBXBuildFile; fileRef = 27B1ABD32BFEB96100A63487 /* TrendingMoviesModel.swift */; };
		27F966122BFF76840093FDE3 /* Observable.swift in Sources */ = {isa = PBXBuildFile; fileRef = 27F966112BFF76840093FDE3 /* Observable.swift */; };
/* End PBXBuildFile section */

/* Begin PBXContainerItemProxy section */
		27B1ABA22BFE682D00A63487 /* PBXContainerItemProxy */ = {
			isa = PBXContainerItemProxy;
			containerPortal = 27B1AB832BFE682C00A63487 /* Project object */;
			proxyType = 1;
			remoteGlobalIDString = 27B1AB8A2BFE682C00A63487;
			remoteInfo = MovieTrendApp;
		};
		27B1ABAC2BFE682D00A63487 /* PBXContainerItemProxy */ = {
			isa = PBXContainerItemProxy;
			containerPortal = 27B1AB832BFE682C00A63487 /* Project object */;
			proxyType = 1;
			remoteGlobalIDString = 27B1AB8A2BFE682C00A63487;
			remoteInfo = MovieTrendApp;
		};
/* End PBXContainerItemProxy section */

/* Begin PBXFileReference section */
		277913022C06359100AAB394 /* MainMovieCell.swift */ = {isa = PBXFileReference; lastKnownFileType = sourcecode.swift; path = MainMovieCell.swift; sourceTree = "<group>"; };
		277913032C06359100AAB394 /* MainMovieCell.xib */ = {isa = PBXFileReference; lastKnownFileType = file.xib; path = MainMovieCell.xib; sourceTree = "<group>"; };
		277913062C063A0F00AAB394 /* UIViewExtension.swift */ = {isa = PBXFileReference; lastKnownFileType = sourcecode.swift; path = UIViewExtension.swift; sourceTree = "<group>"; };
		277913082C063B6400AAB394 /* MovieTableCellViewModel.swift */ = {isa = PBXFileReference; lastKnownFileType = sourcecode.swift; path = MovieTableCellViewModel.swift; sourceTree = "<group>"; };
		2779130E2C067B5900AAB394 /* DetailsMovieViewController.swift */ = {isa = PBXFileReference; lastKnownFileType = sourcecode.swift; path = DetailsMovieViewController.swift; sourceTree = "<group>"; };
		2779130F2C067B5900AAB394 /* DetailsMovieViewController.xib */ = {isa = PBXFileReference; lastKnownFileType = file.xib; path = DetailsMovieViewController.xib; sourceTree = "<group>"; };
		277913142C067E4B00AAB394 /* DetailsMovieViewModel.swift */ = {isa = PBXFileReference; lastKnownFileType = sourcecode.swift; path = DetailsMovieViewModel.swift; sourceTree = "<group>"; };
		27B1AB8B2BFE682C00A63487 /* MovieTrendApp.app */ = {isa = PBXFileReference; explicitFileType = wrapper.application; includeInIndex = 0; path = MovieTrendApp.app; sourceTree = BUILT_PRODUCTS_DIR; };
		27B1AB8E2BFE682C00A63487 /* AppDelegate.swift */ = {isa = PBXFileReference; lastKnownFileType = sourcecode.swift; path = AppDelegate.swift; sourceTree = "<group>"; };
		27B1AB972BFE682D00A63487 /* Assets.xcassets */ = {isa = PBXFileReference; lastKnownFileType = folder.assetcatalog; path = Assets.xcassets; sourceTree = "<group>"; };
		27B1AB9A2BFE682D00A63487 /* Base */ = {isa = PBXFileReference; lastKnownFileType = file.storyboard; name = Base; path = Base.lproj/LaunchScreen.storyboard; sourceTree = "<group>"; };
		27B1AB9C2BFE682D00A63487 /* Info.plist */ = {isa = PBXFileReference; lastKnownFileType = text.plist.xml; path = Info.plist; sourceTree = "<group>"; };
		27B1ABA12BFE682D00A63487 /* MovieTrendAppTests.xctest */ = {isa = PBXFileReference; explicitFileType = wrapper.cfbundle; includeInIndex = 0; path = MovieTrendAppTests.xctest; sourceTree = BUILT_PRODUCTS_DIR; };
		27B1ABA52BFE682D00A63487 /* MovieTrendAppTests.swift */ = {isa = PBXFileReference; lastKnownFileType = sourcecode.swift; path = MovieTrendAppTests.swift; sourceTree = "<group>"; };
		27B1ABAB2BFE682D00A63487 /* MovieTrendAppUITests.xctest */ = {isa = PBXFileReference; explicitFileType = wrapper.cfbundle; includeInIndex = 0; path = MovieTrendAppUITests.xctest; sourceTree = BUILT_PRODUCTS_DIR; };
		27B1ABAF2BFE682D00A63487 /* MovieTrendAppUITests.swift */ = {isa = PBXFileReference; lastKnownFileType = sourcecode.swift; path = MovieTrendAppUITests.swift; sourceTree = "<group>"; };
		27B1ABB12BFE682D00A63487 /* MovieTrendAppUITestsLaunchTests.swift */ = {isa = PBXFileReference; lastKnownFileType = sourcecode.swift; path = MovieTrendAppUITestsLaunchTests.swift; sourceTree = "<group>"; };
		27B1ABBF2BFE6A3B00A63487 /* MainViewController.swift */ = {isa = PBXFileReference; lastKnownFileType = sourcecode.swift; path = MainViewController.swift; sourceTree = "<group>"; };
		27B1ABC02BFE6A3B00A63487 /* MainViewController.xib */ = {isa = PBXFileReference; lastKnownFileType = file.xib; path = MainViewController.xib; sourceTree = "<group>"; };
		27B1ABCB2BFEAA2E00A63487 /* MainViewController+TableVIew.swift */ = {isa = PBXFileReference; lastKnownFileType = sourcecode.swift; path = "MainViewController+TableVIew.swift"; sourceTree = "<group>"; };
		27B1ABCD2BFEAC6B00A63487 /* MainViewModel.swift */ = {isa = PBXFileReference; lastKnownFileType = sourcecode.swift; path = MainViewModel.swift; sourceTree = "<group>"; };
		27B1ABCF2BFEB5FE00A63487 /* NetworkConstant.swift */ = {isa = PBXFileReference; lastKnownFileType = sourcecode.swift; path = NetworkConstant.swift; sourceTree = "<group>"; };
		27B1ABD12BFEB8D100A63487 /* APICaller.swift */ = {isa = PBXFileReference; lastKnownFileType = sourcecode.swift; path = APICaller.swift; sourceTree = "<group>"; };
		27B1ABD32BFEB96100A63487 /* TrendingMoviesModel.swift */ = {isa = PBXFileReference; lastKnownFileType = sourcecode.swift; path = TrendingMoviesModel.swift; sourceTree = "<group>"; };
		27F966112BFF76840093FDE3 /* Observable.swift */ = {isa = PBXFileReference; lastKnownFileType = sourcecode.swift; path = Observable.swift; sourceTree = "<group>"; };
/* End PBXFileReference section */

/* Begin PBXFrameworksBuildPhase section */
		27B1AB882BFE682C00A63487 /* Frameworks */ = {
			isa = PBXFrameworksBuildPhase;
			buildActionMask = 2147483647;
			files = (
				2779130C2C063F1F00AAB394 /* SDWebImage in Frameworks */,
			);
			runOnlyForDeploymentPostprocessing = 0;
		};
		27B1AB9E2BFE682D00A63487 /* Frameworks */ = {
			isa = PBXFrameworksBuildPhase;
			buildActionMask = 2147483647;
			files = (
			);
			runOnlyForDeploymentPostprocessing = 0;
		};
		27B1ABA82BFE682D00A63487 /* Frameworks */ = {
			isa = PBXFrameworksBuildPhase;
			buildActionMask = 2147483647;
			files = (
			);
			runOnlyForDeploymentPostprocessing = 0;
		};
/* End PBXFrameworksBuildPhase section */

/* Begin PBXGroup section */
		277913012C06356500AAB394 /* MainMovieCell */ = {
			isa = PBXGroup;
			children = (
				277913022C06359100AAB394 /* MainMovieCell.swift */,
				277913032C06359100AAB394 /* MainMovieCell.xib */,
			);
			path = MainMovieCell;
			sourceTree = "<group>";
		};
		2779130D2C067AF200AAB394 /* DetailsMovieViewController */ = {
			isa = PBXGroup;
			children = (
				2779130E2C067B5900AAB394 /* DetailsMovieViewController.swift */,
				2779130F2C067B5900AAB394 /* DetailsMovieViewController.xib */,
			);
			path = DetailsMovieViewController;
			sourceTree = "<group>";
		};
		27B1AB822BFE682C00A63487 = {
			isa = PBXGroup;
			children = (
				27B1AB8D2BFE682C00A63487 /* MovieTrendApp */,
				27B1ABA42BFE682D00A63487 /* MovieTrendAppTests */,
				27B1ABAE2BFE682D00A63487 /* MovieTrendAppUITests */,
				27B1AB8C2BFE682C00A63487 /* Products */,
			);
			sourceTree = "<group>";
		};
		27B1AB8C2BFE682C00A63487 /* Products */ = {
			isa = PBXGroup;
			children = (
				27B1AB8B2BFE682C00A63487 /* MovieTrendApp.app */,
				27B1ABA12BFE682D00A63487 /* MovieTrendAppTests.xctest */,
				27B1ABAB2BFE682D00A63487 /* MovieTrendAppUITests.xctest */,
			);
			name = Products;
			sourceTree = "<group>";
		};
		27B1AB8D2BFE682C00A63487 /* MovieTrendApp */ = {
			isa = PBXGroup;
			children = (
				27B1ABCA2BFE6D0400A63487 /* Networking */,
				27B1ABC92BFE6C7500A63487 /* Extensions */,
				27B1ABC82BFE6C6600A63487 /* Resources */,
				27B1ABC72BFE6C4400A63487 /* Model */,
				27B1ABC62BFE6C3300A63487 /* Classes */,
				27B1ABC52BFE6C2700A63487 /* Controllers */,
				27B1ABC42BFE6C1C00A63487 /* ViewModel */,
				27B1ABC32BFE6C1200A63487 /* View */,
				27B1AB8E2BFE682C00A63487 /* AppDelegate.swift */,
				27B1AB9C2BFE682D00A63487 /* Info.plist */,
			);
			path = MovieTrendApp;
			sourceTree = "<group>";
		};
		27B1ABA42BFE682D00A63487 /* MovieTrendAppTests */ = {
			isa = PBXGroup;
			children = (
				27B1ABA52BFE682D00A63487 /* MovieTrendAppTests.swift */,
			);
			path = MovieTrendAppTests;
			sourceTree = "<group>";
		};
		27B1ABAE2BFE682D00A63487 /* MovieTrendAppUITests */ = {
			isa = PBXGroup;
			children = (
				27B1ABAF2BFE682D00A63487 /* MovieTrendAppUITests.swift */,
				27B1ABB12BFE682D00A63487 /* MovieTrendAppUITestsLaunchTests.swift */,
			);
			path = MovieTrendAppUITests;
			sourceTree = "<group>";
		};
		27B1ABBE2BFE6A1500A63487 /* MainViewController */ = {
			isa = PBXGroup;
			children = (
				27B1ABBF2BFE6A3B00A63487 /* MainViewController.swift */,
				27B1ABC02BFE6A3B00A63487 /* MainViewController.xib */,
				27B1ABCB2BFEAA2E00A63487 /* MainViewController+TableVIew.swift */,
			);
			path = MainViewController;
			sourceTree = "<group>";
		};
		27B1ABC32BFE6C1200A63487 /* View */ = {
			isa = PBXGroup;
			children = (
				277913012C06356500AAB394 /* MainMovieCell */,
				27B1AB992BFE682D00A63487 /* LaunchScreen.storyboard */,
			);
			path = View;
			sourceTree = "<group>";
		};
		27B1ABC42BFE6C1C00A63487 /* ViewModel */ = {
			isa = PBXGroup;
			children = (
				27B1ABCD2BFEAC6B00A63487 /* MainViewModel.swift */,
				277913082C063B6400AAB394 /* MovieTableCellViewModel.swift */,
				277913142C067E4B00AAB394 /* DetailsMovieViewModel.swift */,
			);
			path = ViewModel;
			sourceTree = "<group>";
		};
		27B1ABC52BFE6C2700A63487 /* Controllers */ = {
			isa = PBXGroup;
			children = (
				2779130D2C067AF200AAB394 /* DetailsMovieViewController */,
				27B1ABBE2BFE6A1500A63487 /* MainViewController */,
			);
			path = Controllers;
			sourceTree = "<group>";
		};
		27B1ABC62BFE6C3300A63487 /* Classes */ = {
			isa = PBXGroup;
			children = (
				27F966112BFF76840093FDE3 /* Observable.swift */,
			);
			path = Classes;
			sourceTree = "<group>";
		};
		27B1ABC72BFE6C4400A63487 /* Model */ = {
			isa = PBXGroup;
			children = (
				27B1ABD32BFEB96100A63487 /* TrendingMoviesModel.swift */,
			);
			path = Model;
			sourceTree = "<group>";
		};
		27B1ABC82BFE6C6600A63487 /* Resources */ = {
			isa = PBXGroup;
			children = (
				27B1AB972BFE682D00A63487 /* Assets.xcassets */,
			);
			path = Resources;
			sourceTree = "<group>";
		};
		27B1ABC92BFE6C7500A63487 /* Extensions */ = {
			isa = PBXGroup;
			children = (
				277913062C063A0F00AAB394 /* UIViewExtension.swift */,
			);
			path = Extensions;
			sourceTree = "<group>";
		};
		27B1ABCA2BFE6D0400A63487 /* Networking */ = {
			isa = PBXGroup;
			children = (
				27B1ABCF2BFEB5FE00A63487 /* NetworkConstant.swift */,
				27B1ABD12BFEB8D100A63487 /* APICaller.swift */,
			);
			path = Networking;
			sourceTree = "<group>";
		};
/* End PBXGroup section */

/* Begin PBXNativeTarget section */
		27B1AB8A2BFE682C00A63487 /* MovieTrendApp */ = {
			isa = PBXNativeTarget;
			buildConfigurationList = 27B1ABB52BFE682D00A63487 /* Build configuration list for PBXNativeTarget "MovieTrendApp" */;
			buildPhases = (
				27B1AB872BFE682C00A63487 /* Sources */,
				27B1AB882BFE682C00A63487 /* Frameworks */,
				27B1AB892BFE682C00A63487 /* Resources */,
			);
			buildRules = (
			);
			dependencies = (
			);
			name = MovieTrendApp;
			packageProductDependencies = (
				2779130B2C063F1F00AAB394 /* SDWebImage */,
			);
			productName = MovieTrendApp;
			productReference = 27B1AB8B2BFE682C00A63487 /* MovieTrendApp.app */;
			productType = "com.apple.product-type.application";
		};
		27B1ABA02BFE682D00A63487 /* MovieTrendAppTests */ = {
			isa = PBXNativeTarget;
			buildConfigurationList = 27B1ABB82BFE682D00A63487 /* Build configuration list for PBXNativeTarget "MovieTrendAppTests" */;
			buildPhases = (
				27B1AB9D2BFE682D00A63487 /* Sources */,
				27B1AB9E2BFE682D00A63487 /* Frameworks */,
				27B1AB9F2BFE682D00A63487 /* Resources */,
			);
			buildRules = (
			);
			dependencies = (
				27B1ABA32BFE682D00A63487 /* PBXTargetDependency */,
			);
			name = MovieTrendAppTests;
			productName = MovieTrendAppTests;
			productReference = 27B1ABA12BFE682D00A63487 /* MovieTrendAppTests.xctest */;
			productType = "com.apple.product-type.bundle.unit-test";
		};
		27B1ABAA2BFE682D00A63487 /* MovieTrendAppUITests */ = {
			isa = PBXNativeTarget;
			buildConfigurationList = 27B1ABBB2BFE682D00A63487 /* Build configuration list for PBXNativeTarget "MovieTrendAppUITests" */;
			buildPhases = (
				27B1ABA72BFE682D00A63487 /* Sources */,
				27B1ABA82BFE682D00A63487 /* Frameworks */,
				27B1ABA92BFE682D00A63487 /* Resources */,
			);
			buildRules = (
			);
			dependencies = (
				27B1ABAD2BFE682D00A63487 /* PBXTargetDependency */,
			);
			name = MovieTrendAppUITests;
			productName = MovieTrendAppUITests;
			productReference = 27B1ABAB2BFE682D00A63487 /* MovieTrendAppUITests.xctest */;
			productType = "com.apple.product-type.bundle.ui-testing";
		};
/* End PBXNativeTarget section */

/* Begin PBXProject section */
		27B1AB832BFE682C00A63487 /* Project object */ = {
			isa = PBXProject;
			attributes = {
				BuildIndependentTargetsInParallel = 1;
				LastSwiftUpdateCheck = 1520;
				LastUpgradeCheck = 1520;
				TargetAttributes = {
					27B1AB8A2BFE682C00A63487 = {
						CreatedOnToolsVersion = 15.2;
					};
					27B1ABA02BFE682D00A63487 = {
						CreatedOnToolsVersion = 15.2;
						TestTargetID = 27B1AB8A2BFE682C00A63487;
					};
					27B1ABAA2BFE682D00A63487 = {
						CreatedOnToolsVersion = 15.2;
						TestTargetID = 27B1AB8A2BFE682C00A63487;
					};
				};
			};
			buildConfigurationList = 27B1AB862BFE682C00A63487 /* Build configuration list for PBXProject "MovieTrendApp" */;
			compatibilityVersion = "Xcode 14.0";
			developmentRegion = en;
			hasScannedForEncodings = 0;
			knownRegions = (
				en,
				Base,
			);
			mainGroup = 27B1AB822BFE682C00A63487;
			packageReferences = (
				2779130A2C063F1F00AAB394 /* XCRemoteSwiftPackageReference "SDWebImage" */,
			);
			productRefGroup = 27B1AB8C2BFE682C00A63487 /* Products */;
			projectDirPath = "";
			projectRoot = "";
			targets = (
				27B1AB8A2BFE682C00A63487 /* MovieTrendApp */,
				27B1ABA02BFE682D00A63487 /* MovieTrendAppTests */,
				27B1ABAA2BFE682D00A63487 /* MovieTrendAppUITests */,
			);
		};
/* End PBXProject section */

/* Begin PBXResourcesBuildPhase section */
		27B1AB892BFE682C00A63487 /* Resources */ = {
			isa = PBXResourcesBuildPhase;
			buildActionMask = 2147483647;
			files = (
				27B1AB9B2BFE682D00A63487 /* LaunchScreen.storyboard in Resources */,
				27B1ABC22BFE6A3B00A63487 /* MainViewController.xib in Resources */,
				27B1AB982BFE682D00A63487 /* Assets.xcassets in Resources */,
				277913112C067B5900AAB394 /* DetailsMovieViewController.xib in Resources */,
				277913052C06359100AAB394 /* MainMovieCell.xib in Resources */,
			);
			runOnlyForDeploymentPostprocessing = 0;
		};
		27B1AB9F2BFE682D00A63487 /* Resources */ = {
			isa = PBXResourcesBuildPhase;
			buildActionMask = 2147483647;
			files = (
			);
			runOnlyForDeploymentPostprocessing = 0;
		};
		27B1ABA92BFE682D00A63487 /* Resources */ = {
			isa = PBXResourcesBuildPhase;
			buildActionMask = 2147483647;
			files = (
			);
			runOnlyForDeploymentPostprocessing = 0;
		};
/* End PBXResourcesBuildPhase section */

/* Begin PBXSourcesBuildPhase section */
		27B1AB872BFE682C00A63487 /* Sources */ = {
			isa = PBXSourcesBuildPhase;
			buildActionMask = 2147483647;
			files = (
				277913072C063A0F00AAB394 /* UIViewExtension.swift in Sources */,
				27F966122BFF76840093FDE3 /* Observable.swift in Sources */,
				277913042C06359100AAB394 /* MainMovieCell.swift in Sources */,
				27B1AB8F2BFE682C00A63487 /* AppDelegate.swift in Sources */,
				277913102C067B5900AAB394 /* DetailsMovieViewController.swift in Sources */,
				27B1ABD22BFEB8D100A63487 /* APICaller.swift in Sources */,
				27B1ABCC2BFEAA2E00A63487 /* MainViewController+TableVIew.swift in Sources */,
				27B1ABC12BFE6A3B00A63487 /* MainViewController.swift in Sources */,
				277913092C063B6400AAB394 /* MovieTableCellViewModel.swift in Sources */,
				277913152C067E4B00AAB394 /* DetailsMovieViewModel.swift in Sources */,
				27B1ABD02BFEB5FE00A63487 /* NetworkConstant.swift in Sources */,
				27B1ABCE2BFEAC6B00A63487 /* MainViewModel.swift in Sources */,
				27B1ABD42BFEB96100A63487 /* TrendingMoviesModel.swift in Sources */,
			);
			runOnlyForDeploymentPostprocessing = 0;
		};
		27B1AB9D2BFE682D00A63487 /* Sources */ = {
			isa = PBXSourcesBuildPhase;
			buildActionMask = 2147483647;
			files = (
				27B1ABA62BFE682D00A63487 /* MovieTrendAppTests.swift in Sources */,
			);
			runOnlyForDeploymentPostprocessing = 0;
		};
		27B1ABA72BFE682D00A63487 /* Sources */ = {
			isa = PBXSourcesBuildPhase;
			buildActionMask = 2147483647;
			files = (
				27B1ABB02BFE682D00A63487 /* MovieTrendAppUITests.swift in Sources */,
				27B1ABB22BFE682D00A63487 /* MovieTrendAppUITestsLaunchTests.swift in Sources */,
			);
			runOnlyForDeploymentPostprocessing = 0;
		};
/* End PBXSourcesBuildPhase section */

/* Begin PBXTargetDependency section */
		27B1ABA32BFE682D00A63487 /* PBXTargetDependency */ = {
			isa = PBXTargetDependency;
			target = 27B1AB8A2BFE682C00A63487 /* MovieTrendApp */;
			targetProxy = 27B1ABA22BFE682D00A63487 /* PBXContainerItemProxy */;
		};
		27B1ABAD2BFE682D00A63487 /* PBXTargetDependency */ = {
			isa = PBXTargetDependency;
			target = 27B1AB8A2BFE682C00A63487 /* MovieTrendApp */;
			targetProxy = 27B1ABAC2BFE682D00A63487 /* PBXContainerItemProxy */;
		};
/* End PBXTargetDependency section */

/* Begin PBXVariantGroup section */
		27B1AB992BFE682D00A63487 /* LaunchScreen.storyboard */ = {
			isa = PBXVariantGroup;
			children = (
				27B1AB9A2BFE682D00A63487 /* Base */,
			);
			name = LaunchScreen.storyboard;
			sourceTree = "<group>";
		};
/* End PBXVariantGroup section */

/* Begin XCBuildConfiguration section */
		27B1ABB32BFE682D00A63487 /* Debug */ = {
			isa = XCBuildConfiguration;
			buildSettings = {
				ALWAYS_SEARCH_USER_PATHS = NO;
				ASSETCATALOG_COMPILER_GENERATE_SWIFT_ASSET_SYMBOL_EXTENSIONS = YES;
				CLANG_ANALYZER_NONNULL = YES;
				CLANG_ANALYZER_NUMBER_OBJECT_CONVERSION = YES_AGGRESSIVE;
				CLANG_CXX_LANGUAGE_STANDARD = "gnu++20";
				CLANG_ENABLE_MODULES = YES;
				CLANG_ENABLE_OBJC_ARC = YES;
				CLANG_ENABLE_OBJC_WEAK = YES;
				CLANG_WARN_BLOCK_CAPTURE_AUTORELEASING = YES;
				CLANG_WARN_BOOL_CONVERSION = YES;
				CLANG_WARN_COMMA = YES;
				CLANG_WARN_CONSTANT_CONVERSION = YES;
				CLANG_WARN_DEPRECATED_OBJC_IMPLEMENTATIONS = YES;
				CLANG_WARN_DIRECT_OBJC_ISA_USAGE = YES_ERROR;
				CLANG_WARN_DOCUMENTATION_COMMENTS = YES;
				CLANG_WARN_EMPTY_BODY = YES;
				CLANG_WARN_ENUM_CONVERSION = YES;
				CLANG_WARN_INFINITE_RECURSION = YES;
				CLANG_WARN_INT_CONVERSION = YES;
				CLANG_WARN_NON_LITERAL_NULL_CONVERSION = YES;
				CLANG_WARN_OBJC_IMPLICIT_RETAIN_SELF = YES;
				CLANG_WARN_OBJC_LITERAL_CONVERSION = YES;
				CLANG_WARN_OBJC_ROOT_CLASS = YES_ERROR;
				CLANG_WARN_QUOTED_INCLUDE_IN_FRAMEWORK_HEADER = YES;
				CLANG_WARN_RANGE_LOOP_ANALYSIS = YES;
				CLANG_WARN_STRICT_PROTOTYPES = YES;
				CLANG_WARN_SUSPICIOUS_MOVE = YES;
				CLANG_WARN_UNGUARDED_AVAILABILITY = YES_AGGRESSIVE;
				CLANG_WARN_UNREACHABLE_CODE = YES;
				CLANG_WARN__DUPLICATE_METHOD_MATCH = YES;
				COPY_PHASE_STRIP = NO;
				DEBUG_INFORMATION_FORMAT = dwarf;
				ENABLE_STRICT_OBJC_MSGSEND = YES;
				ENABLE_TESTABILITY = YES;
				ENABLE_USER_SCRIPT_SANDBOXING = YES;
				GCC_C_LANGUAGE_STANDARD = gnu17;
				GCC_DYNAMIC_NO_PIC = NO;
				GCC_NO_COMMON_BLOCKS = YES;
				GCC_OPTIMIZATION_LEVEL = 0;
				GCC_PREPROCESSOR_DEFINITIONS = (
					"DEBUG=1",
					"$(inherited)",
				);
				GCC_WARN_64_TO_32_BIT_CONVERSION = YES;
				GCC_WARN_ABOUT_RETURN_TYPE = YES_ERROR;
				GCC_WARN_UNDECLARED_SELECTOR = YES;
				GCC_WARN_UNINITIALIZED_AUTOS = YES_AGGRESSIVE;
				GCC_WARN_UNUSED_FUNCTION = YES;
				GCC_WARN_UNUSED_VARIABLE = YES;
				IPHONEOS_DEPLOYMENT_TARGET = 17.2;
				LOCALIZATION_PREFERS_STRING_CATALOGS = YES;
				MTL_ENABLE_DEBUG_INFO = INCLUDE_SOURCE;
				MTL_FAST_MATH = YES;
				ONLY_ACTIVE_ARCH = YES;
				SDKROOT = iphoneos;
				SWIFT_ACTIVE_COMPILATION_CONDITIONS = "DEBUG $(inherited)";
				SWIFT_OPTIMIZATION_LEVEL = "-Onone";
			};
			name = Debug;
		};
		27B1ABB42BFE682D00A63487 /* Release */ = {
			isa = XCBuildConfiguration;
			buildSettings = {
				ALWAYS_SEARCH_USER_PATHS = NO;
				ASSETCATALOG_COMPILER_GENERATE_SWIFT_ASSET_SYMBOL_EXTENSIONS = YES;
				CLANG_ANALYZER_NONNULL = YES;
				CLANG_ANALYZER_NUMBER_OBJECT_CONVERSION = YES_AGGRESSIVE;
				CLANG_CXX_LANGUAGE_STANDARD = "gnu++20";
				CLANG_ENABLE_MODULES = YES;
				CLANG_ENABLE_OBJC_ARC = YES;
				CLANG_ENABLE_OBJC_WEAK = YES;
				CLANG_WARN_BLOCK_CAPTURE_AUTORELEASING = YES;
				CLANG_WARN_BOOL_CONVERSION = YES;
				CLANG_WARN_COMMA = YES;
				CLANG_WARN_CONSTANT_CONVERSION = YES;
				CLANG_WARN_DEPRECATED_OBJC_IMPLEMENTATIONS = YES;
				CLANG_WARN_DIRECT_OBJC_ISA_USAGE = YES_ERROR;
				CLANG_WARN_DOCUMENTATION_COMMENTS = YES;
				CLANG_WARN_EMPTY_BODY = YES;
				CLANG_WARN_ENUM_CONVERSION = YES;
				CLANG_WARN_INFINITE_RECURSION = YES;
				CLANG_WARN_INT_CONVERSION = YES;
				CLANG_WARN_NON_LITERAL_NULL_CONVERSION = YES;
				CLANG_WARN_OBJC_IMPLICIT_RETAIN_SELF = YES;
				CLANG_WARN_OBJC_LITERAL_CONVERSION = YES;
				CLANG_WARN_OBJC_ROOT_CLASS = YES_ERROR;
				CLANG_WARN_QUOTED_INCLUDE_IN_FRAMEWORK_HEADER = YES;
				CLANG_WARN_RANGE_LOOP_ANALYSIS = YES;
				CLANG_WARN_STRICT_PROTOTYPES = YES;
				CLANG_WARN_SUSPICIOUS_MOVE = YES;
				CLANG_WARN_UNGUARDED_AVAILABILITY = YES_AGGRESSIVE;
				CLANG_WARN_UNREACHABLE_CODE = YES;
				CLANG_WARN__DUPLICATE_METHOD_MATCH = YES;
				COPY_PHASE_STRIP = NO;
				DEBUG_INFORMATION_FORMAT = "dwarf-with-dsym";
				ENABLE_NS_ASSERTIONS = NO;
				ENABLE_STRICT_OBJC_MSGSEND = YES;
				ENABLE_USER_SCRIPT_SANDBOXING = YES;
				GCC_C_LANGUAGE_STANDARD = gnu17;
				GCC_NO_COMMON_BLOCKS = YES;
				GCC_WARN_64_TO_32_BIT_CONVERSION = YES;
				GCC_WARN_ABOUT_RETURN_TYPE = YES_ERROR;
				GCC_WARN_UNDECLARED_SELECTOR = YES;
				GCC_WARN_UNINITIALIZED_AUTOS = YES_AGGRESSIVE;
				GCC_WARN_UNUSED_FUNCTION = YES;
				GCC_WARN_UNUSED_VARIABLE = YES;
				IPHONEOS_DEPLOYMENT_TARGET = 17.2;
				LOCALIZATION_PREFERS_STRING_CATALOGS = YES;
				MTL_ENABLE_DEBUG_INFO = NO;
				MTL_FAST_MATH = YES;
				SDKROOT = iphoneos;
				SWIFT_COMPILATION_MODE = wholemodule;
				VALIDATE_PRODUCT = YES;
			};
			name = Release;
		};
		27B1ABB62BFE682D00A63487 /* Debug */ = {
			isa = XCBuildConfiguration;
			buildSettings = {
				ASSETCATALOG_COMPILER_APPICON_NAME = AppIcon;
				ASSETCATALOG_COMPILER_GLOBAL_ACCENT_COLOR_NAME = AccentColor;
				CODE_SIGN_STYLE = Automatic;
				CURRENT_PROJECT_VERSION = 1;
				DEVELOPMENT_TEAM = MBMB6B6ZAQ;
				GENERATE_INFOPLIST_FILE = YES;
				INFOPLIST_FILE = MovieTrendApp/Info.plist;
				INFOPLIST_KEY_UIApplicationSupportsIndirectInputEvents = YES;
				INFOPLIST_KEY_UILaunchStoryboardName = LaunchScreen;
				INFOPLIST_KEY_UIMainStoryboardFile = "";
				INFOPLIST_KEY_UISupportedInterfaceOrientations_iPad = "UIInterfaceOrientationPortrait UIInterfaceOrientationPortraitUpsideDown UIInterfaceOrientationLandscapeLeft UIInterfaceOrientationLandscapeRight";
				INFOPLIST_KEY_UISupportedInterfaceOrientations_iPhone = "UIInterfaceOrientationPortrait UIInterfaceOrientationLandscapeLeft UIInterfaceOrientationLandscapeRight";
				LD_RUNPATH_SEARCH_PATHS = (
					"$(inherited)",
					"@executable_path/Frameworks",
				);
				MARKETING_VERSION = 1.0;
				PRODUCT_BUNDLE_IDENTIFIER = com.az.MovieTrendApp;
				PRODUCT_NAME = "$(TARGET_NAME)";
				SUPPORTED_PLATFORMS = "iphoneos iphonesimulator";
				SUPPORTS_MACCATALYST = NO;
				SUPPORTS_MAC_DESIGNED_FOR_IPHONE_IPAD = NO;
				SUPPORTS_XR_DESIGNED_FOR_IPHONE_IPAD = NO;
				SWIFT_EMIT_LOC_STRINGS = YES;
				SWIFT_VERSION = 5.0;
				TARGETED_DEVICE_FAMILY = 1;
			};
			name = Debug;
		};
		27B1ABB72BFE682D00A63487 /* Release */ = {
			isa = XCBuildConfiguration;
			buildSettings = {
				ASSETCATALOG_COMPILER_APPICON_NAME = AppIcon;
				ASSETCATALOG_COMPILER_GLOBAL_ACCENT_COLOR_NAME = AccentColor;
				CODE_SIGN_STYLE = Automatic;
				CURRENT_PROJECT_VERSION = 1;
				DEVELOPMENT_TEAM = MBMB6B6ZAQ;
				GENERATE_INFOPLIST_FILE = YES;
				INFOPLIST_FILE = MovieTrendApp/Info.plist;
				INFOPLIST_KEY_UIApplicationSupportsIndirectInputEvents = YES;
				INFOPLIST_KEY_UILaunchStoryboardName = LaunchScreen;
				INFOPLIST_KEY_UIMainStoryboardFile = "";
				INFOPLIST_KEY_UISupportedInterfaceOrientations_iPad = "UIInterfaceOrientationPortrait UIInterfaceOrientationPortraitUpsideDown UIInterfaceOrientationLandscapeLeft UIInterfaceOrientationLandscapeRight";
				INFOPLIST_KEY_UISupportedInterfaceOrientations_iPhone = "UIInterfaceOrientationPortrait UIInterfaceOrientationLandscapeLeft UIInterfaceOrientationLandscapeRight";
				LD_RUNPATH_SEARCH_PATHS = (
					"$(inherited)",
					"@executable_path/Frameworks",
				);
				MARKETING_VERSION = 1.0;
				PRODUCT_BUNDLE_IDENTIFIER = com.az.MovieTrendApp;
				PRODUCT_NAME = "$(TARGET_NAME)";
				SUPPORTED_PLATFORMS = "iphoneos iphonesimulator";
				SUPPORTS_MACCATALYST = NO;
				SUPPORTS_MAC_DESIGNED_FOR_IPHONE_IPAD = NO;
				SUPPORTS_XR_DESIGNED_FOR_IPHONE_IPAD = NO;
				SWIFT_EMIT_LOC_STRINGS = YES;
				SWIFT_VERSION = 5.0;
				TARGETED_DEVICE_FAMILY = 1;
			};
			name = Release;
		};
		27B1ABB92BFE682D00A63487 /* Debug */ = {
			isa = XCBuildConfiguration;
			buildSettings = {
				ALWAYS_EMBED_SWIFT_STANDARD_LIBRARIES = YES;
				BUNDLE_LOADER = "$(TEST_HOST)";
				CODE_SIGN_STYLE = Automatic;
				CURRENT_PROJECT_VERSION = 1;
				DEVELOPMENT_TEAM = MBMB6B6ZAQ;
				GENERATE_INFOPLIST_FILE = YES;
				IPHONEOS_DEPLOYMENT_TARGET = 17.2;
				MARKETING_VERSION = 1.0;
				PRODUCT_BUNDLE_IDENTIFIER = com.az.MovieTrendAppTests;
				PRODUCT_NAME = "$(TARGET_NAME)";
				SWIFT_EMIT_LOC_STRINGS = NO;
				SWIFT_VERSION = 5.0;
				TARGETED_DEVICE_FAMILY = "1,2";
				TEST_HOST = "$(BUILT_PRODUCTS_DIR)/MovieTrendApp.app/$(BUNDLE_EXECUTABLE_FOLDER_PATH)/MovieTrendApp";
			};
			name = Debug;
		};
		27B1ABBA2BFE682D00A63487 /* Release */ = {
			isa = XCBuildConfiguration;
			buildSettings = {
				ALWAYS_EMBED_SWIFT_STANDARD_LIBRARIES = YES;
				BUNDLE_LOADER = "$(TEST_HOST)";
				CODE_SIGN_STYLE = Automatic;
				CURRENT_PROJECT_VERSION = 1;
				DEVELOPMENT_TEAM = MBMB6B6ZAQ;
				GENERATE_INFOPLIST_FILE = YES;
				IPHONEOS_DEPLOYMENT_TARGET = 17.2;
				MARKETING_VERSION = 1.0;
				PRODUCT_BUNDLE_IDENTIFIER = com.az.MovieTrendAppTests;
				PRODUCT_NAME = "$(TARGET_NAME)";
				SWIFT_EMIT_LOC_STRINGS = NO;
				SWIFT_VERSION = 5.0;
				TARGETED_DEVICE_FAMILY = "1,2";
				TEST_HOST = "$(BUILT_PRODUCTS_DIR)/MovieTrendApp.app/$(BUNDLE_EXECUTABLE_FOLDER_PATH)/MovieTrendApp";
			};
			name = Release;
		};
		27B1ABBC2BFE682D00A63487 /* Debug */ = {
			isa = XCBuildConfiguration;
			buildSettings = {
				ALWAYS_EMBED_SWIFT_STANDARD_LIBRARIES = YES;
				CODE_SIGN_STYLE = Automatic;
				CURRENT_PROJECT_VERSION = 1;
				DEVELOPMENT_TEAM = MBMB6B6ZAQ;
				GENERATE_INFOPLIST_FILE = YES;
				MARKETING_VERSION = 1.0;
				PRODUCT_BUNDLE_IDENTIFIER = com.az.MovieTrendAppUITests;
				PRODUCT_NAME = "$(TARGET_NAME)";
				SWIFT_EMIT_LOC_STRINGS = NO;
				SWIFT_VERSION = 5.0;
				TARGETED_DEVICE_FAMILY = "1,2";
				TEST_TARGET_NAME = MovieTrendApp;
			};
			name = Debug;
		};
		27B1ABBD2BFE682D00A63487 /* Release */ = {
			isa = XCBuildConfiguration;
			buildSettings = {
				ALWAYS_EMBED_SWIFT_STANDARD_LIBRARIES = YES;
				CODE_SIGN_STYLE = Automatic;
				CURRENT_PROJECT_VERSION = 1;
				DEVELOPMENT_TEAM = MBMB6B6ZAQ;
				GENERATE_INFOPLIST_FILE = YES;
				MARKETING_VERSION = 1.0;
				PRODUCT_BUNDLE_IDENTIFIER = com.az.MovieTrendAppUITests;
				PRODUCT_NAME = "$(TARGET_NAME)";
				SWIFT_EMIT_LOC_STRINGS = NO;
				SWIFT_VERSION = 5.0;
				TARGETED_DEVICE_FAMILY = "1,2";
				TEST_TARGET_NAME = MovieTrendApp;
			};
			name = Release;
		};
/* End XCBuildConfiguration section */

/* Begin XCConfigurationList section */
		27B1AB862BFE682C00A63487 /* Build configuration list for PBXProject "MovieTrendApp" */ = {
			isa = XCConfigurationList;
			buildConfigurations = (
				27B1ABB32BFE682D00A63487 /* Debug */,
				27B1ABB42BFE682D00A63487 /* Release */,
			);
			defaultConfigurationIsVisible = 0;
			defaultConfigurationName = Release;
		};
		27B1ABB52BFE682D00A63487 /* Build configuration list for PBXNativeTarget "MovieTrendApp" */ = {
			isa = XCConfigurationList;
			buildConfigurations = (
				27B1ABB62BFE682D00A63487 /* Debug */,
				27B1ABB72BFE682D00A63487 /* Release */,
			);
			defaultConfigurationIsVisible = 0;
			defaultConfigurationName = Release;
		};
		27B1ABB82BFE682D00A63487 /* Build configuration list for PBXNativeTarget "MovieTrendAppTests" */ = {
			isa = XCConfigurationList;
			buildConfigurations = (
				27B1ABB92BFE682D00A63487 /* Debug */,
				27B1ABBA2BFE682D00A63487 /* Release */,
			);
			defaultConfigurationIsVisible = 0;
			defaultConfigurationName = Release;
		};
		27B1ABBB2BFE682D00A63487 /* Build configuration list for PBXNativeTarget "MovieTrendAppUITests" */ = {
			isa = XCConfigurationList;
			buildConfigurations = (
				27B1ABBC2BFE682D00A63487 /* Debug */,
				27B1ABBD2BFE682D00A63487 /* Release */,
			);
			defaultConfigurationIsVisible = 0;
			defaultConfigurationName = Release;
		};
/* End XCConfigurationList section */

/* Begin XCRemoteSwiftPackageReference section */
		2779130A2C063F1F00AAB394 /* XCRemoteSwiftPackageReference "SDWebImage" */ = {
			isa = XCRemoteSwiftPackageReference;
			repositoryURL = "https://github.com/SDWebImage/SDWebImage.git";
			requirement = {
				kind = upToNextMajorVersion;
				minimumVersion = 5.19.2;
			};
		};
/* End XCRemoteSwiftPackageReference section */

/* Begin XCSwiftPackageProductDependency section */
		2779130B2C063F1F00AAB394 /* SDWebImage */ = {
			isa = XCSwiftPackageProductDependency;
			package = 2779130A2C063F1F00AAB394 /* XCRemoteSwiftPackageReference "SDWebImage" */;
			productName = SDWebImage;
		};
/* End XCSwiftPackageProductDependency section */
	};
	rootObject = 27B1AB832BFE682C00A63487 /* Project object */;
}
